
Microsoft Visual Studio Solution File, Format Version 10.00
# Visual Studio 2008
Project("{D2ABAB84-BF74-430A-B69E-9DC6D40DDA17}") = "UtnEmallCube", "UtnEmallCube\UtnEmallCube.dwproj", "{BA40B876-E3F0-4574-B629-C800050CAF7A}"
EndProject
Global
	GlobalSection(SolutionConfigurationPlatforms) = preSolution
		Development|Default = Development|Default
	EndGlobalSection
	GlobalSection(ProjectConfigurationPlatforms) = postSolution
		{BA40B876-E3F0-4574-B629-C800050CAF7A}.Development|Default.ActiveCfg = Development
		{BA40B876-E3F0-4574-B629-C800050CAF7A}.Development|Default.Build.0 = Development
		{BA40B876-E3F0-4574-B629-C800050CAF7A}.Development|Default.Deploy.0 = Development
	EndGlobalSection
	GlobalSection(SolutionProperties) = preSolution
		HideSolutionNode = FALSE
	EndGlobalSection
EndGlobal
