
Microsoft Visual Studio Solution File, Format Version 10.00
# Visual Studio 2008
Project("{FAE04EC0-301F-11D3-BF4B-00C04F79EFBC}") = "DataModel", "DataModel.csproj", "{A7081E55-9370-4237-AECE-9A8C6664CE27}"
EndProject
Global
	GlobalSection(SolutionConfigurationPlatforms) = preSolution
		Debug|Any CPU = Debug|Any CPU
		Release|Any CPU = Release|Any CPU
	EndGlobalSection
	GlobalSection(ProjectConfigurationPlatforms) = postSolution
		{A7081E55-9370-4237-AECE-9A8C6664CE27}.Debug|Any CPU.ActiveCfg = Debug|Any CPU
		{A7081E55-9370-4237-AECE-9A8C6664CE27}.Debug|Any CPU.Build.0 = Debug|Any CPU
		{A7081E55-9370-4237-AECE-9A8C6664CE27}.Release|Any CPU.ActiveCfg = Release|Any CPU
		{A7081E55-9370-4237-AECE-9A8C6664CE27}.Release|Any CPU.Build.0 = Release|Any CPU
	EndGlobalSection
	GlobalSection(SolutionProperties) = preSolution
		HideSolutionNode = FALSE
	EndGlobalSection
EndGlobal
